Microsoft Visual Studio Solution File, Format Version 12.00
# Visual Studio Version 17
VisualStudioVersion = 17.5.2.0
MinimumVisualStudioVersion = 10.0.40219.1
Project("{FAE04EC0-301F-11D3-BF4B-00C04F79EFBC}") = "userdb", "userdb.csproj", "{94C178F9-63CE-0E3B-CC30-3324389D0F4A}"
EndProject
Global
	GlobalSection(SolutionConfigurationPlatforms) = preSolution
		Debug|Any CPU = Debug|Any CPU
		Release|Any CPU = Release|Any CPU
	EndGlobalSection
	GlobalSection(ProjectConfigurationPlatforms) = postSolution
		{94C178F9-63CE-0E3B-CC30-3324389D0F4A}.Debug|Any CPU.ActiveCfg = Debug|Any CPU
		{94C178F9-63CE-0E3B-CC30-3324389D0F4A}.Debug|Any CPU.Build.0 = Debug|Any CPU
		{94C178F9-63CE-0E3B-CC30-3324389D0F4A}.Release|Any CPU.ActiveCfg = Release|Any CPU
		{94C178F9-63CE-0E3B-CC30-3324389D0F4A}.Release|Any CPU.Build.0 = Release|Any CPU
	EndGlobalSection
	GlobalSection(SolutionProperties) = preSolution
		HideSolutionNode = FALSE
	EndGlobalSection
	GlobalSection(ExtensibilityGlobals) = postSolution
		SolutionGuid = {57D4FCA9-85F1-45A7-A6A3-8A81B8927819}
	EndGlobalSection
EndGlobal
